// !$*UTF8*$!
{
	archiveVersion = 1;
	classes = {
	};
	objectVersion = 56;
	objects = {

/* Begin PBXBuildFile section */
		3DCE7E102AB91133009545AA /* AppDelegate.swift in Sources */ = {isa = PBXBuildFile; fileRef = 3DCE7E0F2AB91133009545AA /* AppDelegate.swift */; };
		3DCE7E122AB91133009545AA /* SceneDelegate.swift in Sources */ = {isa = PBXBuildFile; fileRef = 3DCE7E112AB91133009545AA /* SceneDelegate.swift */; };
		3DCE7E142AB91133009545AA /* Anasayfa.swift in Sources */ = {isa = PBXBuildFile; fileRef = 3DCE7E132AB91133009545AA /* Anasayfa.swift */; };
		3DCE7E172AB91133009545AA /* Main.storyboard in Resources */ = {isa = PBXBuildFile; fileRef = 3DCE7E152AB91133009545AA /* Main.storyboard */; };
		3DCE7E192AB91134009545AA /* Assets.xcassets in Resources */ = {isa = PBXBuildFile; fileRef = 3DCE7E182AB91134009545AA /* Assets.xcassets */; };
		3DCE7E1C2AB91134009545AA /* LaunchScreen.storyboard in Resources */ = {isa = PBXBuildFile; fileRef = 3DCE7E1A2AB91134009545AA /* LaunchScreen.storyboard */; };
		3DCE7E242AB911FA009545AA /* SayfaA.swift in Sources */ = {isa = PBXBuildFile; fileRef = 3DCE7E232AB911FA009545AA /* SayfaA.swift */; };
		3DCE7E262AB91217009545AA /* SayfaB.swift in Sources */ = {isa = PBXBuildFile; fileRef = 3DCE7E252AB91217009545AA /* SayfaB.swift */; };
		3DCE7E282AB91226009545AA /* SayfaX.swift in Sources */ = {isa = PBXBuildFile; fileRef = 3DCE7E272AB91226009545AA /* SayfaX.swift */; };
		3DCE7E2A2AB91237009545AA /* SayfaY.swift in Sources */ = {isa = PBXBuildFile; fileRef = 3DCE7E292AB91237009545AA /* SayfaY.swift */; };
/* End PBXBuildFile section */

/* Begin PBXFileReference section */
		3DCE7E0C2AB91133009545AA /* Homework04.app */ = {isa = PBXFileReference; explicitFileType = wrapper.application; includeInIndex = 0; path = Homework04.app; sourceTree = BUILT_PRODUCTS_DIR; };
		3DCE7E0F2AB91133009545AA /* AppDelegate.swift */ = {isa = PBXFileReference; lastKnownFileType = sourcecode.swift; path = AppDelegate.swift; sourceTree = "<group>"; };
		3DCE7E112AB91133009545AA /* SceneDelegate.swift */ = {isa = PBXFileReference; lastKnownFileType = sourcecode.swift; path = SceneDelegate.swift; sourceTree = "<group>"; };
		3DCE7E132AB91133009545AA /* Anasayfa.swift */ = {isa = PBXFileReference; lastKnownFileType = sourcecode.swift; path = Anasayfa.swift; sourceTree = "<group>"; };
		3DCE7E162AB91133009545AA /* Base */ = {isa = PBXFileReference; lastKnownFileType = file.storyboard; name = Base; path = Base.lproj/Main.storyboard; sourceTree = "<group>"; };
		3DCE7E182AB91134009545AA /* Assets.xcassets */ = {isa = PBXFileReference; lastKnownFileType = folder.assetcatalog; path = Assets.xcassets; sourceTree = "<group>"; };
		3DCE7E1B2AB91134009545AA /* Base */ = {isa = PBXFileReference; lastKnownFileType = file.storyboard; name = Base; path = Base.lproj/LaunchScreen.storyboard; sourceTree = "<group>"; };
		3DCE7E1D2AB91134009545AA /* Info.plist */ = {isa = PBXFileReference; lastKnownFileType = text.plist.xml; path = Info.plist; sourceTree = "<group>"; };
		3DCE7E232AB911FA009545AA /* SayfaA.swift */ = {isa = PBXFileReference; lastKnownFileType = sourcecode.swift; path = SayfaA.swift; sourceTree = "<group>"; };
		3DCE7E252AB91217009545AA /* SayfaB.swift */ = {isa = PBXFileReference; lastKnownFileType = sourcecode.swift; path = SayfaB.swift; sourceTree = "<group>"; };
		3DCE7E272AB91226009545AA /* SayfaX.swift */ = {isa = PBXFileReference; lastKnownFileType = sourcecode.swift; path = SayfaX.swift; sourceTree = "<group>"; };
		3DCE7E292AB91237009545AA /* SayfaY.swift */ = {isa = PBXFileReference; lastKnownFileType = sourcecode.swift; path = SayfaY.swift; sourceTree = "<group>"; };
/* End PBXFileReference section */

/* Begin PBXFrameworksBuildPhase section */
		3DCE7E092AB91133009545AA /* Frameworks */ = {
			isa = PBXFrameworksBuildPhase;
			buildActionMask = 2147483647;
			files = (
			);
			runOnlyForDeploymentPostprocessing = 0;
		};
/* End PBXFrameworksBuildPhase section */

/* Begin PBXGroup section */
		3DCE7E032AB91133009545AA = {
			isa = PBXGroup;
			children = (
				3DCE7E0E2AB91133009545AA /* Homework04 */,
				3DCE7E0D2AB91133009545AA /* Products */,
			);
			sourceTree = "<group>";
		};
		3DCE7E0D2AB91133009545AA /* Products */ = {
			isa = PBXGroup;
			children = (
				3DCE7E0C2AB91133009545AA /* Homework04.app */,
			);
			name = Products;
			sourceTree = "<group>";
		};
		3DCE7E0E2AB91133009545AA /* Homework04 */ = {
			isa = PBXGroup;
			children = (
				3DCE7E0F2AB91133009545AA /* AppDelegate.swift */,
				3DCE7E112AB91133009545AA /* SceneDelegate.swift */,
				3DCE7E132AB91133009545AA /* Anasayfa.swift */,
				3DCE7E252AB91217009545AA /* SayfaB.swift */,
				3DCE7E272AB91226009545AA /* SayfaX.swift */,
				3DCE7E292AB91237009545AA /* SayfaY.swift */,
				3DCE7E232AB911FA009545AA /* SayfaA.swift */,
				3DCE7E152AB91133009545AA /* Main.storyboard */,
				3DCE7E182AB91134009545AA /* Assets.xcassets */,
				3DCE7E1A2AB91134009545AA /* LaunchScreen.storyboard */,
				3DCE7E1D2AB91134009545AA /* Info.plist */,
			);
			path = Homework04;
			sourceTree = "<group>";
		};
/* End PBXGroup section */

/* Begin PBXNativeTarget section */
		3DCE7E0B2AB91133009545AA /* Homework04 */ = {
			isa = PBXNativeTarget;
			buildConfigurationList = 3DCE7E202AB91134009545AA /* Build configuration list for PBXNativeTarget "Homework04" */;
			buildPhases = (
				3DCE7E082AB91133009545AA /* Sources */,
				3DCE7E092AB91133009545AA /* Frameworks */,
				3DCE7E0A2AB91133009545AA /* Resources */,
			);
			buildRules = (
			);
			dependencies = (
			);
			name = Homework04;
			productName = Homework04;
			productReference = 3DCE7E0C2AB91133009545AA /* Homework04.app */;
			productType = "com.apple.product-type.application";
		};
/* End PBXNativeTarget section */

/* Begin PBXProject section */
		3DCE7E042AB91133009545AA /* Project object */ = {
			isa = PBXProject;
			attributes = {
				BuildIndependentTargetsInParallel = 1;
				LastSwiftUpdateCheck = 1430;
				LastUpgradeCheck = 1430;
				TargetAttributes = {
					3DCE7E0B2AB91133009545AA = {
						CreatedOnToolsVersion = 14.3;
					};
				};
			};
			buildConfigurationList = 3DCE7E072AB91133009545AA /* Build configuration list for PBXProject "Homework04" */;
			compatibilityVersion = "Xcode 14.0";
			developmentRegion = en;
			hasScannedForEncodings = 0;
			knownRegions = (
				en,
				Base,
			);
			mainGroup = 3DCE7E032AB91133009545AA;
			productRefGroup = 3DCE7E0D2AB91133009545AA /* Products */;
			projectDirPath = "";
			projectRoot = "";
			targets = (
				3DCE7E0B2AB91133009545AA /* Homework04 */,
			);
		};
/* End PBXProject section */

/* Begin PBXResourcesBuildPhase section */
		3DCE7E0A2AB91133009545AA /* Resources */ = {
			isa = PBXResourcesBuildPhase;
			buildActionMask = 2147483647;
			files = (
				3DCE7E1C2AB91134009545AA /* LaunchScreen.storyboard in Resources */,
				3DCE7E192AB91134009545AA /* Assets.xcassets in Resources */,
				3DCE7E172AB91133009545AA /* Main.storyboard in Resources */,
			);
			runOnlyForDeploymentPostprocessing = 0;
		};
/* End PBXResourcesBuildPhase section */

/* Begin PBXSourcesBuildPhase section */
		3DCE7E082AB91133009545AA /* Sources */ = {
			isa = PBXSourcesBuildPhase;
			buildActionMask = 2147483647;
			files = (
				3DCE7E242AB911FA009545AA /* SayfaA.swift in Sources */,
				3DCE7E142AB91133009545AA /* Anasayfa.swift in Sources */,
				3DCE7E262AB91217009545AA /* SayfaB.swift in Sources */,
				3DCE7E282AB91226009545AA /* SayfaX.swift in Sources */,
				3DCE7E102AB91133009545AA /* AppDelegate.swift in Sources */,
				3DCE7E2A2AB91237009545AA /* SayfaY.swift in Sources */,
				3DCE7E122AB91133009545AA /* SceneDelegate.swift in Sources */,
			);
			runOnlyForDeploymentPostprocessing = 0;
		};
/* End PBXSourcesBuildPhase section */

/* Begin PBXVariantGroup section */
		3DCE7E152AB91133009545AA /* Main.storyboard */ = {
			isa = PBXVariantGroup;
			children = (
				3DCE7E162AB91133009545AA /* Base */,
			);
			name = Main.storyboard;
			sourceTree = "<group>";
		};
		3DCE7E1A2AB91134009545AA /* LaunchScreen.storyboard */ = {
			isa = PBXVariantGroup;
			children = (
				3DCE7E1B2AB91134009545AA /* Base */,
			);
			name = LaunchScreen.storyboard;
			sourceTree = "<group>";
		};
/* End PBXVariantGroup section */

/* Begin XCBuildConfiguration section */
		3DCE7E1E2AB91134009545AA /* Debug */ = {
			isa = XCBuildConfiguration;
			buildSettings = {
				ALWAYS_SEARCH_USER_PATHS = NO;
				CLANG_ANALYZER_NONNULL = YES;
				CLANG_ANALYZER_NUMBER_OBJECT_CONVERSION = YES_AGGRESSIVE;
				CLANG_CXX_LANGUAGE_STANDARD = "gnu++20";
				CLANG_ENABLE_MODULES = YES;
				CLANG_ENABLE_OBJC_ARC = YES;
				CLANG_ENABLE_OBJC_WEAK = YES;
				CLANG_WARN_BLOCK_CAPTURE_AUTORELEASING = YES;
				CLANG_WARN_BOOL_CONVERSION = YES;
				CLANG_WARN_COMMA = YES;
				CLANG_WARN_CONSTANT_CONVERSION = YES;
				CLANG_WARN_DEPRECATED_OBJC_IMPLEMENTATIONS = YES;
				CLANG_WARN_DIRECT_OBJC_ISA_USAGE = YES_ERROR;
				CLANG_WARN_DOCUMENTATION_COMMENTS = YES;
				CLANG_WARN_EMPTY_BODY = YES;
				CLANG_WARN_ENUM_CONVERSION = YES;
				CLANG_WARN_INFINITE_RECURSION = YES;
				CLANG_WARN_INT_CONVERSION = YES;
				CLANG_WARN_NON_LITERAL_NULL_CONVERSION = YES;
				CLANG_WARN_OBJC_IMPLICIT_RETAIN_SELF = YES;
				CLANG_WARN_OBJC_LITERAL_CONVERSION = YES;
				CLANG_WARN_OBJC_ROOT_CLASS = YES_ERROR;
				CLANG_WARN_QUOTED_INCLUDE_IN_FRAMEWORK_HEADER = YES;
				CLANG_WARN_RANGE_LOOP_ANALYSIS = YES;
				CLANG_WARN_STRICT_PROTOTYPES = YES;
				CLANG_WARN_SUSPICIOUS_MOVE = YES;
				CLANG_WARN_UNGUARDED_AVAILABILITY = YES_AGGRESSIVE;
				CLANG_WARN_UNREACHABLE_CODE = YES;
				CLANG_WARN__DUPLICATE_METHOD_MATCH = YES;
				COPY_PHASE_STRIP = NO;
				DEBUG_INFORMATION_FORMAT = dwarf;
				ENABLE_STRICT_OBJC_MSGSEND = YES;
				ENABLE_TESTABILITY = YES;
				GCC_C_LANGUAGE_STANDARD = gnu11;
				GCC_DYNAMIC_NO_PIC = NO;
				GCC_NO_COMMON_BLOCKS = YES;
				GCC_OPTIMIZATION_LEVEL = 0;
				GCC_PREPROCESSOR_DEFINITIONS = (
					"DEBUG=1",
					"$(inherited)",
				);
				GCC_WARN_64_TO_32_BIT_CONVERSION = YES;
				GCC_WARN_ABOUT_RETURN_TYPE = YES_ERROR;
				GCC_WARN_UNDECLARED_SELECTOR = YES;
				GCC_WARN_UNINITIALIZED_AUTOS = YES_AGGRESSIVE;
				GCC_WARN_UNUSED_FUNCTION = YES;
				GCC_WARN_UNUSED_VARIABLE = YES;
				IPHONEOS_DEPLOYMENT_TARGET = 16.4;
				MTL_ENABLE_DEBUG_INFO = INCLUDE_SOURCE;
				MTL_FAST_MATH = YES;
				ONLY_ACTIVE_ARCH = YES;
				SDKROOT = iphoneos;
				SWIFT_ACTIVE_COMPILATION_CONDITIONS = DEBUG;
				SWIFT_OPTIMIZATION_LEVEL = "-Onone";
			};
			name = Debug;
		};
		3DCE7E1F2AB91134009545AA /* Release */ = {
			isa = XCBuildConfiguration;
			buildSettings = {
				ALWAYS_SEARCH_USER_PATHS = NO;
				CLANG_ANALYZER_NONNULL = YES;
				CLANG_ANALYZER_NUMBER_OBJECT_CONVERSION = YES_AGGRESSIVE;
				CLANG_CXX_LANGUAGE_STANDARD = "gnu++20";
				CLANG_ENABLE_MODULES = YES;
				CLANG_ENABLE_OBJC_ARC = YES;
				CLANG_ENABLE_OBJC_WEAK = YES;
				CLANG_WARN_BLOCK_CAPTURE_AUTORELEASING = YES;
				CLANG_WARN_BOOL_CONVERSION = YES;
				CLANG_WARN_COMMA = YES;
				CLANG_WARN_CONSTANT_CONVERSION = YES;
				CLANG_WARN_DEPRECATED_OBJC_IMPLEMENTATIONS = YES;
				CLANG_WARN_DIRECT_OBJC_ISA_USAGE = YES_ERROR;
				CLANG_WARN_DOCUMENTATION_COMMENTS = YES;
				CLANG_WARN_EMPTY_BODY = YES;
				CLANG_WARN_ENUM_CONVERSION = YES;
				CLANG_WARN_INFINITE_RECURSION = YES;
				CLANG_WARN_INT_CONVERSION = YES;
				CLANG_WARN_NON_LITERAL_NULL_CONVERSION = YES;
				CLANG_WARN_OBJC_IMPLICIT_RETAIN_SELF = YES;
				CLANG_WARN_OBJC_LITERAL_CONVERSION = YES;
				CLANG_WARN_OBJC_ROOT_CLASS = YES_ERROR;
				CLANG_WARN_QUOTED_INCLUDE_IN_FRAMEWORK_HEADER = YES;
				CLANG_WARN_RANGE_LOOP_ANALYSIS = YES;
				CLANG_WARN_STRICT_PROTOTYPES = YES;
				CLANG_WARN_SUSPICIOUS_MOVE = YES;
				CLANG_WARN_UNGUARDED_AVAILABILITY = YES_AGGRESSIVE;
				CLANG_WARN_UNREACHABLE_CODE = YES;
				CLANG_WARN__DUPLICATE_METHOD_MATCH = YES;
				COPY_PHASE_STRIP = NO;
				DEBUG_INFORMATION_FORMAT = "dwarf-with-dsym";
				ENABLE_NS_ASSERTIONS = NO;
				ENABLE_STRICT_OBJC_MSGSEND = YES;
				GCC_C_LANGUAGE_STANDARD = gnu11;
				GCC_NO_COMMON_BLOCKS = YES;
				GCC_WARN_64_TO_32_BIT_CONVERSION = YES;
				GCC_WARN_ABOUT_RETURN_TYPE = YES_ERROR;
				GCC_WARN_UNDECLARED_SELECTOR = YES;
				GCC_WARN_UNINITIALIZED_AUTOS = YES_AGGRESSIVE;
				GCC_WARN_UNUSED_FUNCTION = YES;
				GCC_WARN_UNUSED_VARIABLE = YES;
				IPHONEOS_DEPLOYMENT_TARGET = 16.4;
				MTL_ENABLE_DEBUG_INFO = NO;
				MTL_FAST_MATH = YES;
				SDKROOT = iphoneos;
				SWIFT_COMPILATION_MODE = wholemodule;
				SWIFT_OPTIMIZATION_LEVEL = "-O";
				VALIDATE_PRODUCT = YES;
			};
			name = Release;
		};
		3DCE7E212AB91134009545AA /* Debug */ = {
			isa = XCBuildConfiguration;
			buildSettings = {
				ASSETCATALOG_COMPILER_APPICON_NAME = AppIcon;
				ASSETCATALOG_COMPILER_GLOBAL_ACCENT_COLOR_NAME = AccentColor;
				CODE_SIGN_STYLE = Automatic;
				CURRENT_PROJECT_VERSION = 1;
				GENERATE_INFOPLIST_FILE = YES;
				INFOPLIST_FILE = Homework04/Info.plist;
				INFOPLIST_KEY_UIApplicationSupportsIndirectInputEvents = YES;
				INFOPLIST_KEY_UILaunchStoryboardName = LaunchScreen;
				INFOPLIST_KEY_UIMainStoryboardFile = Main;
				INFOPLIST_KEY_UISupportedInterfaceOrientations_iPad = "UIInterfaceOrientationPortrait UIInterfaceOrientationPortraitUpsideDown UIInterfaceOrientationLandscapeLeft UIInterfaceOrientationLandscapeRight";
				INFOPLIST_KEY_UISupportedInterfaceOrientations_iPhone = "UIInterfaceOrientationPortrait UIInterfaceOrientationLandscapeLeft UIInterfaceOrientationLandscapeRight";
				LD_RUNPATH_SEARCH_PATHS = (
					"$(inherited)",
					"@executable_path/Frameworks",
				);
				MARKETING_VERSION = 1.0;
				PRODUCT_BUNDLE_IDENTIFIER = com.alihizardere.Homework04;
				PRODUCT_NAME = "$(TARGET_NAME)";
				SWIFT_EMIT_LOC_STRINGS = YES;
				SWIFT_VERSION = 5.0;
				TARGETED_DEVICE_FAMILY = "1,2";
			};
			name = Debug;
		};
		3DCE7E222AB91134009545AA /* Release */ = {
			isa = XCBuildConfiguration;
			buildSettings = {
				ASSETCATALOG_COMPILER_APPICON_NAME = AppIcon;
				ASSETCATALOG_COMPILER_GLOBAL_ACCENT_COLOR_NAME = AccentColor;
				CODE_SIGN_STYLE = Automatic;
				CURRENT_PROJECT_VERSION = 1;
				GENERATE_INFOPLIST_FILE = YES;
				INFOPLIST_FILE = Homework04/Info.plist;
				INFOPLIST_KEY_UIApplicationSupportsIndirectInputEvents = YES;
				INFOPLIST_KEY_UILaunchStoryboardName = LaunchScreen;
				INFOPLIST_KEY_UIMainStoryboardFile = Main;
				INFOPLIST_KEY_UISupportedInterfaceOrientations_iPad = "UIInterfaceOrientationPortrait UIInterfaceOrientationPortraitUpsideDown UIInterfaceOrientationLandscapeLeft UIInterfaceOrientationLandscapeRight";
				INFOPLIST_KEY_UISupportedInterfaceOrientations_iPhone = "UIInterfaceOrientationPortrait UIInterfaceOrientationLandscapeLeft UIInterfaceOrientationLandscapeRight";
				LD_RUNPATH_SEARCH_PATHS = (
					"$(inherited)",
					"@executable_path/Frameworks",
				);
				MARKETING_VERSION = 1.0;
				PRODUCT_BUNDLE_IDENTIFIER = com.alihizardere.Homework04;
				PRODUCT_NAME = "$(TARGET_NAME)";
				SWIFT_EMIT_LOC_STRINGS = YES;
				SWIFT_VERSION = 5.0;
				TARGETED_DEVICE_FAMILY = "1,2";
			};
			name = Release;
		};
/* End XCBuildConfiguration section */

/* Begin XCConfigurationList section */
		3DCE7E072AB91133009545AA /* Build configuration list for PBXProject "Homework04" */ = {
			isa = XCConfigurationList;
			buildConfigurations = (
				3DCE7E1E2AB91134009545AA /* Debug */,
				3DCE7E1F2AB91134009545AA /* Release */,
			);
			defaultConfigurationIsVisible = 0;
			defaultConfigurationName = Release;
		};
		3DCE7E202AB91134009545AA /* Build configuration list for PBXNativeTarget "Homework04" */ = {
			isa = XCConfigurationList;
			buildConfigurations = (
				3DCE7E212AB91134009545AA /* Debug */,
				3DCE7E222AB91134009545AA /* Release */,
			);
			defaultConfigurationIsVisible = 0;
			defaultConfigurationName = Release;
		};
/* End XCConfigurationList section */
	};
	rootObject = 3DCE7E042AB91133009545AA /* Project object */;
}
